
Microsoft Visual Studio Solution File, Format Version 12.00
# Visual Studio Version 16
VisualStudioVersion = 16.0.32106.194
MinimumVisualStudioVersion = 10.0.40219.1
Project("{FAE04EC0-301F-11D3-BF4B-00C04F79EFBC}") = "praktikum 11 April week 8", "praktikum 11 April week 8\praktikum 11 April week 8.csproj", "{01CF3E38-7EFA-4578-BED8-9B320234CDEA}"
EndProject
Global
	GlobalSection(SolutionConfigurationPlatforms) = preSolution
		Debug|Any CPU = Debug|Any CPU
		Release|Any CPU = Release|Any CPU
	EndGlobalSection
	GlobalSection(ProjectConfigurationPlatforms) = postSolution
		{01CF3E38-7EFA-4578-BED8-9B320234CDEA}.Debug|Any CPU.ActiveCfg = Debug|Any CPU
		{01CF3E38-7EFA-4578-BED8-9B320234CDEA}.Debug|Any CPU.Build.0 = Debug|Any CPU
		{01CF3E38-7EFA-4578-BED8-9B320234CDEA}.Release|Any CPU.ActiveCfg = Release|Any CPU
		{01CF3E38-7EFA-4578-BED8-9B320234CDEA}.Release|Any CPU.Build.0 = Release|Any CPU
	EndGlobalSection
	GlobalSection(SolutionProperties) = preSolution
		HideSolutionNode = FALSE
	EndGlobalSection
	GlobalSection(ExtensibilityGlobals) = postSolution
		SolutionGuid = {00E46708-7426-42D2-BC60-0FD8AFB85CE4}
	EndGlobalSection
EndGlobal
